# This file is automatically @generated by Cargo.
# It is not intended for manual editing.
version = 4

[[package]]
name = "bard-gateway"
version = "0.1.0"

[[package]]
name = "ecosystem-hub"
version = "0.1.0"

[[package]]
name = "sentry-omega"
version = "0.1.0"

[[package]]
name = "squire-gateway"
version = "0.1.0"
